Microsoft Visual Studio Solution File, Format Version 11.00
# Visual Studio 2008

Project("{C2E3D389-47C8-75AF-AEEB-24F291BCD36A}") = "Game Programming Project", "Assembly-CSharp.csproj", "{59567D25-F55B-DC3F-033E-3D48983C9E30}"
EndProject
Global
	GlobalSection(SolutionConfigurationPlatforms) = preSolution
		Debug|Any CPU = Debug|Any CPU
		Release|Any CPU = Release|Any CPU
	EndGlobalSection
	GlobalSection(ProjectConfigurationPlatforms) = postSolution
		{59567D25-F55B-DC3F-033E-3D48983C9E30}.Debug|Any CPU.ActiveCfg = Debug|Any CPU
		{59567D25-F55B-DC3F-033E-3D48983C9E30}.Debug|Any CPU.Build.0 = Debug|Any CPU
		{59567D25-F55B-DC3F-033E-3D48983C9E30}.Release|Any CPU.ActiveCfg = Release|Any CPU
		{59567D25-F55B-DC3F-033E-3D48983C9E30}.Release|Any CPU.Build.0 = Release|Any CPU
	EndGlobalSection
	GlobalSection(SolutionProperties) = preSolution
		HideSolutionNode = FALSE
	EndGlobalSection
	GlobalSection(MonoDevelopProperties) = preSolution
		StartupItem = Assembly-CSharp.csproj
	EndGlobalSection
EndGlobal
